{
  "name": "hughzhang98-github-io",
  "version": "0.0.0",
  "lockfileVersion": 1,
  "requires": true,
  "dependencies": {
    "@babel/helper-string-parser": {
      "version": "7.25.9",
      "resolved": "http://r.npm.sankuai.com/@babel/helper-string-parser/download/@babel/helper-string-parser-7.25.9.tgz",
      "integrity": "sha1-Gqu3Lucu01eJtLvK08ooYs5hTow="
    },
    "@babel/helper-validator-identifier": {
      "version": "7.25.9",
      "resolved": "http://r.npm.sankuai.com/@babel/helper-validator-identifier/download/@babel/helper-validator-identifier-7.25.9.tgz",
      "integrity": "sha1-JLZOLD7HzTs8VHcpuNFocfIsvcc="
    },
    "@babel/parser": {
      "version": "7.27.0",
      "resolved": "http://r.npm.sankuai.com/@babel/parser/download/@babel/parser-7.27.0.tgz",
      "integrity": "sha1-PX1u4mjkHSYACRy9ThRf/uhaROw=",
      "requires": {
        "@babel/types": "^7.27.0"
      }
    },
    "@babel/types": {
      "version": "7.27.0",
      "resolved": "http://r.npm.sankuai.com/@babel/types/download/@babel/types-7.27.0.tgz",
      "integrity": "sha1-75rLawbDFz9mMtmT7LbUrkcLRVk=",
      "requires": {
        "@babel/helper-string-parser": "^7.25.9",
        "@babel/helper-validator-identifier": "^7.25.9"
      }
    },
    "@ctrl/tinycolor": {
      "version": "3.6.1",
      "resolved": "http://r.npm.sankuai.com/@ctrl/tinycolor/download/@ctrl/tinycolor-3.6.1.tgz",
      "integrity": "sha1-tsdaVqGUfMkW6gWHctZmosiTLzE="
    },
    "@element-plus/icons-vue": {
      "version": "2.3.1",
      "resolved": "http://r.npm.sankuai.com/@element-plus/icons-vue/download/@element-plus/icons-vue-2.3.1.tgz",
      "integrity": "sha1-H2Na1f3VyF7ZNkgVJVcOgrWoMHo="
    },
    "@esbuild/aix-ppc64": {
      "version": "0.25.1",
      "resolved": "http://r.npm.sankuai.com/@esbuild/aix-ppc64/download/@esbuild/aix-ppc64-0.25.1.tgz",
      "integrity": "sha1-wzz2u+40l1YmsBuARRy7crTGyR0=",
      "dev": true,
      "optional": true
    },
    "@esbuild/android-arm": {
      "version": "0.25.1",
      "resolved": "http://r.npm.sankuai.com/@esbuild/android-arm/download/@esbuild/android-arm-0.25.1.tgz",
      "integrity": "sha1-6E0r8v4uYXeg+s2jpXWyE5/Ty5w=",
      "dev": true,
      "optional": true
    },
    "@esbuild/android-arm64": {
      "version": "0.25.1",
      "resolved": "http://r.npm.sankuai.com/@esbuild/android-arm64/download/@esbuild/android-arm64-0.25.1.tgz",
      "integrity": "sha1-6nZgFcfSZVFk8iEA0z1/AwiijW0=",
      "dev": true,
      "optional": true
    },
    "@esbuild/android-x64": {
      "version": "0.25.1",
      "resolved": "http://r.npm.sankuai.com/@esbuild/android-x64/download/@esbuild/android-x64-0.25.1.tgz",
      "integrity": "sha1-WDN77jvG140QQl5VAL0RNwz9++0=",
      "dev": true,
      "optional": true
    },
    "@esbuild/darwin-arm64": {
      "version": "0.25.1",
      "resolved": "http://r.npm.sankuai.com/@esbuild/darwin-arm64/download/@esbuild/darwin-arm64-0.25.1.tgz",
      "integrity": "sha1-pGgFwcWF1FGqg75yUAvW6Eld1ZE=",
      "dev": true,
      "optional": true
    },
    "@esbuild/darwin-x64": {
      "version": "0.25.1",
      "resolved": "http://r.npm.sankuai.com/@esbuild/darwin-x64/download/@esbuild/darwin-x64-0.25.1.tgz",
      "integrity": "sha1-BkPgA7sjjGP8k92+59JqADvjzZg=",
      "dev": true,
      "optional": true
    },
    "@esbuild/freebsd-arm64": {
      "version": "0.25.1",
      "resolved": "http://r.npm.sankuai.com/@esbuild/freebsd-arm64/download/@esbuild/freebsd-arm64-0.25.1.tgz",
      "integrity": "sha1-z/GNpUacCZhrk+h5ed5daHL+j44=",
      "dev": true,
      "optional": true
    },
    "@esbuild/freebsd-x64": {
      "version": "0.25.1",
      "resolved": "http://r.npm.sankuai.com/@esbuild/freebsd-x64/download/@esbuild/freebsd-x64-0.25.1.tgz",
      "integrity": "sha1-Ni/AnC3hSYdiHBh4rxkgPEY2Xd4=",
      "dev": true,
      "optional": true
    },
    "@esbuild/linux-arm": {
      "version": "0.25.1",
      "resolved": "http://r.npm.sankuai.com/@esbuild/linux-arm/download/@esbuild/linux-arm-0.25.1.tgz",
      "integrity": "sha1-3878usYKIJGLGVabS2V4RNOds1o=",
      "dev": true,
      "optional": true
    },
    "@esbuild/linux-arm64": {
      "version": "0.25.1",
      "resolved": "http://r.npm.sankuai.com/@esbuild/linux-arm64/download/@esbuild/linux-arm64-0.25.1.tgz",
      "integrity": "sha1-qpDVsC78l6Jx4STm0c6kkGNPdJg=",
      "dev": true,
      "optional": true
    },
    "@esbuild/linux-ia32": {
      "version": "0.25.1",
      "resolved": "http://r.npm.sankuai.com/@esbuild/linux-ia32/download/@esbuild/linux-ia32-0.25.1.tgz",
      "integrity": "sha1-b5UnB3zLeVPtKvAuAT1LrGnxN1Q=",
      "dev": true,
      "optional": true
    },
    "@esbuild/linux-loong64": {
      "version": "0.25.1",
      "resolved": "http://r.npm.sankuai.com/@esbuild/linux-loong64/download/@esbuild/linux-loong64-0.25.1.tgz",
      "integrity": "sha1-KH0kEqVFblhgwoOdQqS1EoTRaXw=",
      "dev": true,
      "optional": true
    },
    "@esbuild/linux-mips64el": {
      "version": "0.25.1",
      "resolved": "http://r.npm.sankuai.com/@esbuild/linux-mips64el/download/@esbuild/linux-mips64el-0.25.1.tgz",
      "integrity": "sha1-UwV0ueG8XSD3pPRMXwReJvN4PVc=",
      "dev": true,
      "optional": true
    },
    "@esbuild/linux-ppc64": {
      "version": "0.25.1",
      "resolved": "http://r.npm.sankuai.com/@esbuild/linux-ppc64/download/@esbuild/linux-ppc64-0.25.1.tgz",
      "integrity": "sha1-XX5rKDoLMh6kLGvAq+ueuZwfVYk=",
      "dev": true,
      "optional": true
    },
    "@esbuild/linux-riscv64": {
      "version": "0.25.1",
      "resolved": "http://r.npm.sankuai.com/@esbuild/linux-riscv64/download/@esbuild/linux-riscv64-0.25.1.tgz",
      "integrity": "sha1-FPoM0HPCa07iRl0YzR4Y7qeFn6g=",
      "dev": true,
      "optional": true
    },
    "@esbuild/linux-s390x": {
      "version": "0.25.1",
      "resolved": "http://r.npm.sankuai.com/@esbuild/linux-s390x/download/@esbuild/linux-s390x-0.25.1.tgz",
      "integrity": "sha1-5ne0udGzhAmHUiZsyqDVKkINwao=",
      "dev": true,
      "optional": true
    },
    "@esbuild/linux-x64": {
      "version": "0.25.1",
      "resolved": "http://r.npm.sankuai.com/@esbuild/linux-x64/download/@esbuild/linux-x64-0.25.1.tgz",
      "integrity": "sha1-8ceWt4//XOOTZYMT6MWGExmNmVQ=",
      "dev": true,
      "optional": true
    },
    "@esbuild/netbsd-arm64": {
      "version": "0.25.1",
      "resolved": "http://r.npm.sankuai.com/@esbuild/netbsd-arm64/download/@esbuild/netbsd-arm64-0.25.1.tgz",
      "integrity": "sha1-DSgLff45c/ERsC1f6fMGO5J5bSk=",
      "dev": true,
      "optional": true
    },
    "@esbuild/netbsd-x64": {
      "version": "0.25.1",
      "resolved": "http://r.npm.sankuai.com/@esbuild/netbsd-x64/download/@esbuild/netbsd-x64-0.25.1.tgz",
      "integrity": "sha1-vmY4k5MaS7PzoAnFzCT6loHMccA=",
      "dev": true,
      "optional": true
    },
    "@esbuild/openbsd-arm64": {
      "version": "0.25.1",
      "resolved": "http://r.npm.sankuai.com/@esbuild/openbsd-arm64/download/@esbuild/openbsd-arm64-0.25.1.tgz",
      "integrity": "sha1-2QIbiEIzZzoF3BzCbeC/Ml2CQhc=",
      "dev": true,
      "optional": true
    },
    "@esbuild/openbsd-x64": {
      "version": "0.25.1",
      "resolved": "http://r.npm.sankuai.com/@esbuild/openbsd-x64/download/@esbuild/openbsd-x64-0.25.1.tgz",
      "integrity": "sha1-nx3BeG7S4pOMQEsGvMSL6aEyUN4=",
      "dev": true,
      "optional": true
    },
    "@esbuild/sunos-x64": {
      "version": "0.25.1",
      "resolved": "http://r.npm.sankuai.com/@esbuild/sunos-x64/download/@esbuild/sunos-x64-0.25.1.tgz",
      "integrity": "sha1-iarCSktBFZWbP3kBks8TA5ZpbCc=",
      "dev": true,
      "optional": true
    },
    "@esbuild/win32-arm64": {
      "version": "0.25.1",
      "resolved": "http://r.npm.sankuai.com/@esbuild/win32-arm64/download/@esbuild/win32-arm64-0.25.1.tgz",
      "integrity": "sha1-NUNYZHpuqY6m0kO/SL3XpDSZlYI=",
      "dev": true,
      "optional": true
    },
    "@esbuild/win32-ia32": {
      "version": "0.25.1",
      "resolved": "http://r.npm.sankuai.com/@esbuild/win32-ia32/download/@esbuild/win32-ia32-0.25.1.tgz",
      "integrity": "sha1-jOpzQPJkfrqVGgQdyVZR45CM1Ms=",
      "dev": true,
      "optional": true
    },
    "@esbuild/win32-x64": {
      "version": "0.25.1",
      "resolved": "http://r.npm.sankuai.com/@esbuild/win32-x64/download/@esbuild/win32-x64-0.25.1.tgz",
      "integrity": "sha1-fXmSLLLYj5BI8GOT2/YtLkrMtYQ=",
      "dev": true,
      "optional": true
    },
    "@floating-ui/core": {
      "version": "1.6.9",
      "resolved": "http://r.npm.sankuai.com/@floating-ui/core/download/@floating-ui/core-1.6.9.tgz",
      "integrity": "sha1-ZNHaJRQzAZ2voJHemyiG/zXsFOY=",
      "requires": {
        "@floating-ui/utils": "^0.2.9"
      }
    },
    "@floating-ui/dom": {
      "version": "1.6.13",
      "resolved": "http://r.npm.sankuai.com/@floating-ui/dom/download/@floating-ui/dom-1.6.13.tgz",
      "integrity": "sha1-qKk4UyrqJ6lRIewW5meny+jFnjQ=",
      "requires": {
        "@floating-ui/core": "^1.6.0",
        "@floating-ui/utils": "^0.2.9"
      }
    },
    "@floating-ui/utils": {
      "version": "0.2.9",
      "resolved": "http://r.npm.sankuai.com/@floating-ui/utils/download/@floating-ui/utils-0.2.9.tgz",
      "integrity": "sha1-UN6jYWvIGR+44RIoO0nq/wPnhCk="
    },
    "@fortawesome/fontawesome-free": {
      "version": "6.7.2",
      "resolved": "http://r.npm.sankuai.com/@fortawesome/fontawesome-free/download/@fortawesome/fontawesome-free-6.7.2.tgz",
      "integrity": "sha1-gknem34i/LPOteZgkMMKHVSSuBo="
    },
    "@jridgewell/sourcemap-codec": {
      "version": "1.5.0",
      "resolved": "http://r.npm.sankuai.com/@jridgewell/sourcemap-codec/download/@jridgewell/sourcemap-codec-1.5.0.tgz",
      "integrity": "sha1-MYi8snOkFLDSFf0ipYVAuYm5QJo="
    },
    "@popperjs/core": {
      "version": "npm:@popperjs/core@2.11.7",
      "resolved": "http://r.npm.sankuai.com/@popperjs/core/download/@popperjs/core-2.11.7.tgz",
      "integrity": "sha1-zKtcj33FV6UsoyiMEAdcnM03//c="
    },
    "@rollup/rollup-android-arm-eabi": {
      "version": "4.37.0",
      "resolved": "http://r.npm.sankuai.com/@rollup/rollup-android-arm-eabi/download/@rollup/rollup-android-arm-eabi-4.37.0.tgz",
      "integrity": "sha1-m+3HRql/5wcVQIY2Xyac7ZL/Sqk=",
      "dev": true,
      "optional": true
    },
    "@rollup/rollup-android-arm64": {
      "version": "4.37.0",
      "resolved": "http://r.npm.sankuai.com/@rollup/rollup-android-arm64/download/@rollup/rollup-android-arm64-4.37.0.tgz",
      "integrity": "sha1-btxv/Ir4dz5LwoxyiU3V6Ea47mw=",
      "dev": true,
      "optional": true
    },
    "@rollup/rollup-darwin-arm64": {
      "version": "4.37.0",
      "resolved": "http://r.npm.sankuai.com/@rollup/rollup-darwin-arm64/download/@rollup/rollup-darwin-arm64-4.37.0.tgz",
      "integrity": "sha1-c3p7i+n/eb0kp++q4JA+jGasBnY=",
      "dev": true,
      "optional": true
    },
    "@rollup/rollup-darwin-x64": {
      "version": "4.37.0",
      "resolved": "http://r.npm.sankuai.com/@rollup/rollup-darwin-x64/download/@rollup/rollup-darwin-x64-4.37.0.tgz",
      "integrity": "sha1-pqaXu2hcqUYqfK7qXyL2poas/x8=",
      "dev": true,
      "optional": true
    },
    "@rollup/rollup-freebsd-arm64": {
      "version": "4.37.0",
      "resolved": "http://r.npm.sankuai.com/@rollup/rollup-freebsd-arm64/download/@rollup/rollup-freebsd-arm64-4.37.0.tgz",
      "integrity": "sha1-GBE+jhM8y23kudydPgn3rP80TLc=",
      "dev": true,
      "optional": true
    },
    "@rollup/rollup-freebsd-x64": {
      "version": "4.37.0",
      "resolved": "http://r.npm.sankuai.com/@rollup/rollup-freebsd-x64/download/@rollup/rollup-freebsd-x64-4.37.0.tgz",
      "integrity": "sha1-Xlb/1KDXzPy8hoZ8QLjw5qLAyB4=",
      "dev": true,
      "optional": true
    },
    "@rollup/rollup-linux-arm-gnueabihf": {
      "version": "4.37.0",
      "resolved": "http://r.npm.sankuai.com/@rollup/rollup-linux-arm-gnueabihf/download/@rollup/rollup-linux-arm-gnueabihf-4.37.0.tgz",
      "integrity": "sha1-Wt3xpR4Ula5/8o0mRCqIrfYpyYA=",
      "dev": true,
      "optional": true
    },
    "@rollup/rollup-linux-arm-musleabihf": {
      "version": "4.37.0",
      "resolved": "http://r.npm.sankuai.com/@rollup/rollup-linux-arm-musleabihf/download/@rollup/rollup-linux-arm-musleabihf-4.37.0.tgz",
      "integrity": "sha1-AM3bmrUQhsXyzTPNRzglniS+TnM=",
      "dev": true,
      "optional": true
    },
    "@rollup/rollup-linux-arm64-gnu": {
      "version": "4.37.0",
      "resolved": "http://r.npm.sankuai.com/@rollup/rollup-linux-arm64-gnu/download/@rollup/rollup-linux-arm64-gnu-4.37.0.tgz",
      "integrity": "sha1-w7QyRJYja2/Z8x/aVwHG1gYLFRI=",
      "dev": true,
      "optional": true
    },
    "@rollup/rollup-linux-arm64-musl": {
      "version": "4.37.0",
      "resolved": "http://r.npm.sankuai.com/@rollup/rollup-linux-arm64-musl/download/@rollup/rollup-linux-arm64-musl-4.37.0.tgz",
      "integrity": "sha1-tSIhgLsaUObpvIJj79dxwc53C28=",
      "dev": true,
      "optional": true
    },
    "@rollup/rollup-linux-loongarch64-gnu": {
      "version": "4.37.0",
      "resolved": "http://r.npm.sankuai.com/@rollup/rollup-linux-loongarch64-gnu/download/@rollup/rollup-linux-loongarch64-gnu-4.37.0.tgz",
      "integrity": "sha1-VmAYHBwe+3sZx6Ux1JbmhSNsXOc=",
      "dev": true,
      "optional": true
    },
    "@rollup/rollup-linux-powerpc64le-gnu": {
      "version": "4.37.0",
      "resolved": "http://r.npm.sankuai.com/@rollup/rollup-linux-powerpc64le-gnu/download/@rollup/rollup-linux-powerpc64le-gnu-4.37.0.tgz",
      "integrity": "sha1-gnMWZJXS9dP7xVbPQqWm4kt4vas=",
      "dev": true,
      "optional": true
    },
    "@rollup/rollup-linux-riscv64-gnu": {
      "version": "4.37.0",
      "resolved": "http://r.npm.sankuai.com/@rollup/rollup-linux-riscv64-gnu/download/@rollup/rollup-linux-riscv64-gnu-4.37.0.tgz",
      "integrity": "sha1-lnfjkojMyR681wfN15RzLXAc0XQ=",
      "dev": true,
      "optional": true
    },
    "@rollup/rollup-linux-riscv64-musl": {
      "version": "4.37.0",
      "resolved": "https://registry.npmjs.org/@rollup/rollup-linux-riscv64-musl/-/rollup-linux-riscv64-musl-4.37.0.tgz",
      "integrity": "sha512-DTNwl6a3CfhGTAOYZ4KtYbdS8b+275LSLqJVJIrPa5/JuIufWWZ/QFvkxp52gpmguN95eujrM68ZG+zVxa8zHA==",
      "dev": true,
      "optional": true
    },
    "@rollup/rollup-linux-s390x-gnu": {
      "version": "4.37.0",
      "resolved": "http://r.npm.sankuai.com/@rollup/rollup-linux-s390x-gnu/download/@rollup/rollup-linux-s390x-gnu-4.37.0.tgz",
      "integrity": "sha1-awt98z6zKw7nQjiYsYOswbX+4z4=",
      "dev": true,
      "optional": true
    },
    "@rollup/rollup-linux-x64-gnu": {
      "version": "4.37.0",
      "resolved": "http://r.npm.sankuai.com/@rollup/rollup-linux-x64-gnu/download/@rollup/rollup-linux-x64-gnu-4.37.0.tgz",
      "integrity": "sha1-UsJ3F9PEgZ0TtevCNz3eoJnS5xs=",
      "dev": true,
      "optional": true
    },
    "@rollup/rollup-linux-x64-musl": {
      "version": "4.37.0",
      "resolved": "http://r.npm.sankuai.com/@rollup/rollup-linux-x64-musl/download/@rollup/rollup-linux-x64-musl-4.37.0.tgz",
      "integrity": "sha1-wTSiLTBkI0Xei3mcgWNFZ0v2gBk=",
      "dev": true,
      "optional": true
    },
    "@rollup/rollup-win32-arm64-msvc": {
      "version": "4.37.0",
      "resolved": "http://r.npm.sankuai.com/@rollup/rollup-win32-arm64-msvc/download/@rollup/rollup-win32-arm64-msvc-4.37.0.tgz",
      "integrity": "sha1-gGPV+Bld0YReBW0Gk2b74GpCTQk=",
      "dev": true,
      "optional": true
    },
    "@rollup/rollup-win32-ia32-msvc": {
      "version": "4.37.0",
      "resolved": "http://r.npm.sankuai.com/@rollup/rollup-win32-ia32-msvc/download/@rollup/rollup-win32-ia32-msvc-4.37.0.tgz",
      "integrity": "sha1-iR2Q47VRf50pC7QWr9/i6/sSE54=",
      "dev": true,
      "optional": true
    },
    "@rollup/rollup-win32-x64-msvc": {
      "version": "4.37.0",
      "resolved": "http://r.npm.sankuai.com/@rollup/rollup-win32-x64-msvc/download/@rollup/rollup-win32-x64-msvc-4.37.0.tgz",
      "integrity": "sha1-pU1zBMO9RVc9i80ScN6Jdx+Blf4=",
      "dev": true,
      "optional": true
    },
    "@types/estree": {
      "version": "1.0.6",
      "resolved": "http://r.npm.sankuai.com/@types/estree/download/@types/estree-1.0.6.tgz",
      "integrity": "sha1-Yo7/7q4gZKG055946B2Ht+X8e1A=",
      "dev": true
    },
    "@types/lodash": {
      "version": "4.17.16",
      "resolved": "http://r.npm.sankuai.com/@types/lodash/download/@types/lodash-4.17.16.tgz",
      "integrity": "sha1-lK54+rSjjXMIbpYtC2XDDYFr+wo="
    },
    "@types/lodash-es": {
      "version": "4.17.12",
      "resolved": "http://r.npm.sankuai.com/@types/lodash-es/download/@types/lodash-es-4.17.12.tgz",
      "integrity": "sha1-ZfbR5fgFOap8+/yWLeXe8M9PNBs=",
      "requires": {
        "@types/lodash": "*"
      }
    },
    "@types/web-bluetooth": {
      "version": "0.0.16",
      "resolved": "http://r.npm.sankuai.com/@types/web-bluetooth/download/@types/web-bluetooth-0.0.16.tgz",
      "integrity": "sha1-HRKHOo5JVnNx8qdf4+f37cpmYtg="
    },
    "@vitejs/plugin-vue": {
      "version": "5.2.3",
      "dev": true
    },
    "@vue/compiler-core": {
      "version": "3.5.13",
      "resolved": "http://r.npm.sankuai.com/@vue/compiler-core/download/@vue/compiler-core-3.5.13.tgz",
      "integrity": "sha1-sK5sQ0f2DAPoSaBdNOW/dHyb2gU=",
      "requires": {
        "@babel/parser": "^7.25.3",
        "@vue/shared": "3.5.13",
        "entities": "^4.5.0",
        "estree-walker": "^2.0.2",
        "source-map-js": "^1.2.0"
      }
    },
    "@vue/compiler-dom": {
      "version": "3.5.13",
      "resolved": "http://r.npm.sankuai.com/@vue/compiler-dom/download/@vue/compiler-dom-3.5.13.tgz",
      "integrity": "sha1-uxuHWNvFQrNljdqXO5ihyTEailg=",
      "requires": {
        "@vue/compiler-core": "3.5.13",
        "@vue/shared": "3.5.13"
      }
    },
    "@vue/compiler-sfc": {
      "version": "3.5.13",
      "resolved": "http://r.npm.sankuai.com/@vue/compiler-sfc/download/@vue/compiler-sfc-3.5.13.tgz",
      "integrity": "sha1-Rh+L00O1wG+sQYnE/vivMt6oK0Y=",
      "requires": {
        "@babel/parser": "^7.25.3",
        "@vue/compiler-core": "3.5.13",
        "@vue/compiler-dom": "3.5.13",
        "@vue/compiler-ssr": "3.5.13",
        "@vue/shared": "3.5.13",
        "estree-walker": "^2.0.2",
        "magic-string": "^0.30.11",
        "postcss": "^8.4.48",
        "source-map-js": "^1.2.0"
      }
    },
    "@vue/compiler-ssr": {
      "version": "3.5.13",
      "resolved": "http://r.npm.sankuai.com/@vue/compiler-ssr/download/@vue/compiler-ssr-3.5.13.tgz",
      "integrity": "sha1-53GtzKbT0AD5GkJ3yXKpltB/Q7o=",
      "requires": {
        "@vue/compiler-dom": "3.5.13",
        "@vue/shared": "3.5.13"
      }
    },
    "@vue/devtools-api": {
      "version": "6.6.4",
      "resolved": "http://r.npm.sankuai.com/@vue/devtools-api/download/@vue/devtools-api-6.6.4.tgz",
      "integrity": "sha1-y+l/4BYrNl7cHbqA4XP5BJJTU0M="
    },
    "@vue/reactivity": {
      "version": "3.5.13",
      "resolved": "http://r.npm.sankuai.com/@vue/reactivity/download/@vue/reactivity-3.5.13.tgz",
      "integrity": "sha1-tB/yu4ZeCTiZoiIZ9bJfl7b+FV8=",
      "requires": {
        "@vue/shared": "3.5.13"
      }
    },
    "@vue/runtime-core": {
      "version": "3.5.13",
      "resolved": "http://r.npm.sankuai.com/@vue/runtime-core/download/@vue/runtime-core-3.5.13.tgz",
      "integrity": "sha1-H6+kvwuXrw692dv+mM1jDaNjpFU=",
      "requires": {
        "@vue/reactivity": "3.5.13",
        "@vue/shared": "3.5.13"
      }
    },
    "@vue/runtime-dom": {
      "version": "3.5.13",
      "resolved": "http://r.npm.sankuai.com/@vue/runtime-dom/download/@vue/runtime-dom-3.5.13.tgz",
      "integrity": "sha1-YQ/Hld6SRjAOiuiGWTDVNOEkYhU=",
      "requires": {
        "@vue/reactivity": "3.5.13",
        "@vue/runtime-core": "3.5.13",
        "@vue/shared": "3.5.13",
        "csstype": "^3.1.3"
      }
    },
    "@vue/server-renderer": {
      "version": "3.5.13",
      "resolved": "http://r.npm.sankuai.com/@vue/server-renderer/download/@vue/server-renderer-3.5.13.tgz",
      "integrity": "sha1-Qp6tYu5R3niWRsIu/pCOSJqtRvc=",
      "requires": {
        "@vue/compiler-ssr": "3.5.13",
        "@vue/shared": "3.5.13"
      }
    },
    "@vue/shared": {
      "version": "3.5.13",
      "resolved": "http://r.npm.sankuai.com/@vue/shared/download/@vue/shared-3.5.13.tgz",
      "integrity": "sha1-h7MJpjecIrkm5paJMjeCb2Qzm28="
    },
    "@vueuse/core": {
      "version": "9.13.0",
      "resolved": "http://r.npm.sankuai.com/@vueuse/core/download/@vueuse/core-9.13.0.tgz",
      "integrity": "sha1-L2nmbRkFweTuvCSaAXWc+I6gDPQ=",
      "requires": {
        "@types/web-bluetooth": "^0.0.16",
        "@vueuse/metadata": "9.13.0",
        "@vueuse/shared": "9.13.0",
        "vue-demi": "*"
      }
    },
    "@vueuse/metadata": {
      "version": "9.13.0",
      "resolved": "http://r.npm.sankuai.com/@vueuse/metadata/download/@vueuse/metadata-9.13.0.tgz",
      "integrity": "sha1-vCWmza0bGpPDbOMBkRJNplIFOf8="
    },
    "@vueuse/shared": {
      "version": "9.13.0",
      "resolved": "http://r.npm.sankuai.com/@vueuse/shared/download/@vueuse/shared-9.13.0.tgz",
      "integrity": "sha1-CJ/0zE4uekAV5XqPMuSznQljU7k=",
      "requires": {
        "vue-demi": "*"
      }
    },
    "async-validator": {
      "version": "4.2.5",
      "resolved": "http://r.npm.sankuai.com/async-validator/download/async-validator-4.2.5.tgz",
      "integrity": "sha1-yW6jMypSFpnQr6rO7VEKVGVsYzk="
    },
    "csstype": {
      "version": "3.1.3",
      "resolved": "http://r.npm.sankuai.com/csstype/download/csstype-3.1.3.tgz",
      "integrity": "sha1-2A/ylNEU+w5qxQD7+FtgE31+/4E="
    },
    "dayjs": {
      "version": "1.11.13",
      "resolved": "http://r.npm.sankuai.com/dayjs/download/dayjs-1.11.13.tgz",
      "integrity": "sha1-kkMLATkFXD67YBUKoT6GCktaNmw="
    },
    "element-plus": {
      "version": "2.9.7",
      "requires": {
        "@ctrl/tinycolor": "^3.4.1",
        "@element-plus/icons-vue": "^2.3.1",
        "@floating-ui/dom": "^1.0.1",
        "@popperjs/core": "npm:@sxzz/popperjs-es@^2.11.7",
        "@types/lodash": "^4.14.182",
        "@types/lodash-es": "^4.17.6",
        "@vueuse/core": "^9.1.0",
        "async-validator": "^4.2.5",
        "dayjs": "^1.11.13",
        "escape-html": "^1.0.3",
        "lodash": "^4.17.21",
        "lodash-es": "^4.17.21",
        "lodash-unified": "^1.0.2",
        "memoize-one": "^6.0.0",
        "normalize-wheel-es": "^1.2.0"
      }
    },
    "entities": {
      "version": "4.5.0",
      "resolved": "http://r.npm.sankuai.com/entities/download/entities-4.5.0.tgz",
      "integrity": "sha1-XSaOpecRPsdMTQM7eepaNaSI+0g="
    },
    "esbuild": {
      "version": "0.25.1",
      "resolved": "http://r.npm.sankuai.com/esbuild/download/esbuild-0.25.1.tgz",
      "integrity": "sha1-oWuNBwtq1IcZNSd72mzP6FLj+i8=",
      "dev": true,
      "requires": {
        "@esbuild/aix-ppc64": "0.25.1",
        "@esbuild/android-arm": "0.25.1",
        "@esbuild/android-arm64": "0.25.1",
        "@esbuild/android-x64": "0.25.1",
        "@esbuild/darwin-arm64": "0.25.1",
        "@esbuild/darwin-x64": "0.25.1",
        "@esbuild/freebsd-arm64": "0.25.1",
        "@esbuild/freebsd-x64": "0.25.1",
        "@esbuild/linux-arm": "0.25.1",
        "@esbuild/linux-arm64": "0.25.1",
        "@esbuild/linux-ia32": "0.25.1",
        "@esbuild/linux-loong64": "0.25.1",
        "@esbuild/linux-mips64el": "0.25.1",
        "@esbuild/linux-ppc64": "0.25.1",
        "@esbuild/linux-riscv64": "0.25.1",
        "@esbuild/linux-s390x": "0.25.1",
        "@esbuild/linux-x64": "0.25.1",
        "@esbuild/netbsd-arm64": "0.25.1",
        "@esbuild/netbsd-x64": "0.25.1",
        "@esbuild/openbsd-arm64": "0.25.1",
        "@esbuild/openbsd-x64": "0.25.1",
        "@esbuild/sunos-x64": "0.25.1",
        "@esbuild/win32-arm64": "0.25.1",
        "@esbuild/win32-ia32": "0.25.1",
        "@esbuild/win32-x64": "0.25.1"
      }
    },
    "escape-html": {
      "version": "1.0.3",
      "resolved": "http://r.npm.sankuai.com/escape-html/download/escape-html-1.0.3.tgz",
      "integrity": "sha1-Aljq5NPQwJdN4cFpGI7wBR0dGYg="
    },
    "estree-walker": {
      "version": "2.0.2",
      "resolved": "http://r.npm.sankuai.com/estree-walker/download/estree-walker-2.0.2.tgz",
      "integrity": "sha1-UvAQF4wqTBF6d1fP6UKtt9LaTKw="
    },
    "fsevents": {
      "version": "2.3.3",
      "resolved": "http://r.npm.sankuai.com/fsevents/download/fsevents-2.3.3.tgz",
      "integrity": "sha1-ysZAd4XQNnWipeGlMFxpezR9kNY=",
      "dev": true,
      "optional": true
    },
    "lodash": {
      "version": "4.17.21",
      "resolved": "http://r.npm.sankuai.com/lodash/download/lodash-4.17.21.tgz",
      "integrity": "sha1-Z5WRxWTDv/quhFTPCz3zcMPWkRw="
    },
    "lodash-es": {
      "version": "4.17.21",
      "resolved": "http://r.npm.sankuai.com/lodash-es/download/lodash-es-4.17.21.tgz",
      "integrity": "sha1-Q+YmxG5lkbd1C+srUBFzkMYJ4+4="
    },
    "lodash-unified": {
      "version": "1.0.3",
      "resolved": "http://r.npm.sankuai.com/lodash-unified/download/lodash-unified-1.0.3.tgz",
      "integrity": "sha1-gLHqwQ7S6wLtGJ8IYUopwn0HyJQ="
    },
    "magic-string": {
      "version": "0.30.17",
      "resolved": "http://r.npm.sankuai.com/magic-string/download/magic-string-0.30.17.tgz",
      "integrity": "sha1-RQpElnPSRg5bvPupphkWoXFMdFM=",
      "requires": {
        "@jridgewell/sourcemap-codec": "^1.5.0"
      }
    },
    "memoize-one": {
      "version": "6.0.0",
      "resolved": "http://r.npm.sankuai.com/memoize-one/download/memoize-one-6.0.0.tgz",
      "integrity": "sha1-slkbhx7YKUiu5HJ9xqvO7qyMEEU="
    },
    "nanoid": {
      "version": "3.3.11",
      "resolved": "http://r.npm.sankuai.com/nanoid/download/nanoid-3.3.11.tgz",
      "integrity": "sha1-T08RLO++MDIC8hmYOBKJNiZtGFs="
    },
    "normalize-wheel-es": {
      "version": "1.2.0",
      "resolved": "http://r.npm.sankuai.com/normalize-wheel-es/download/normalize-wheel-es-1.2.0.tgz",
      "integrity": "sha1-D6JZPWGfckWlQWUmGRBasHas8J4="
    },
    "picocolors": {
      "version": "1.1.1",
      "resolved": "http://r.npm.sankuai.com/picocolors/download/picocolors-1.1.1.tgz",
      "integrity": "sha1-PTIa8+q5ObCDyPkpodEs2oHCa2s="
    },
    "postcss": {
      "version": "8.5.3",
      "resolved": "http://r.npm.sankuai.com/postcss/download/postcss-8.5.3.tgz",
      "integrity": "sha1-FGO28cf7Fv4lhzbLopot41I36vs=",
      "requires": {
        "nanoid": "^3.3.8",
        "picocolors": "^1.1.1",
        "source-map-js": "^1.2.1"
      }
    },
    "rollup": {
      "version": "4.37.0",
      "resolved": "http://r.npm.sankuai.com/rollup/download/rollup-4.37.0.tgz",
      "integrity": "sha1-5Bcvi9tup98IobCs+Zq+zLIlA3g=",
      "dev": true,
      "requires": {
        "@rollup/rollup-android-arm-eabi": "4.37.0",
        "@rollup/rollup-android-arm64": "4.37.0",
        "@rollup/rollup-darwin-arm64": "4.37.0",
        "@rollup/rollup-darwin-x64": "4.37.0",
        "@rollup/rollup-freebsd-arm64": "4.37.0",
        "@rollup/rollup-freebsd-x64": "4.37.0",
        "@rollup/rollup-linux-arm-gnueabihf": "4.37.0",
        "@rollup/rollup-linux-arm-musleabihf": "4.37.0",
        "@rollup/rollup-linux-arm64-gnu": "4.37.0",
        "@rollup/rollup-linux-arm64-musl": "4.37.0",
        "@rollup/rollup-linux-loongarch64-gnu": "4.37.0",
        "@rollup/rollup-linux-powerpc64le-gnu": "4.37.0",
        "@rollup/rollup-linux-riscv64-gnu": "4.37.0",
        "@rollup/rollup-linux-riscv64-musl": "4.37.0",
        "@rollup/rollup-linux-s390x-gnu": "4.37.0",
        "@rollup/rollup-linux-x64-gnu": "4.37.0",
        "@rollup/rollup-linux-x64-musl": "4.37.0",
        "@rollup/rollup-win32-arm64-msvc": "4.37.0",
        "@rollup/rollup-win32-ia32-msvc": "4.37.0",
        "@rollup/rollup-win32-x64-msvc": "4.37.0",
        "@types/estree": "1.0.6",
        "fsevents": "~2.3.2"
      }
    },
    "source-map-js": {
      "version": "1.2.1",
      "resolved": "http://r.npm.sankuai.com/source-map-js/download/source-map-js-1.2.1.tgz",
      "integrity": "sha1-HOVlD93YerwJnto33P8CTCZnrkY="
    },
    "vite": {
      "version": "6.2.3",
      "dev": true,
      "requires": {
        "esbuild": "^0.25.0",
        "fsevents": "~2.3.3",
        "postcss": "^8.5.3",
        "rollup": "^4.30.1"
      }
    },
    "vue": {
      "version": "3.5.13",
      "requires": {
        "@vue/compiler-dom": "3.5.13",
        "@vue/compiler-sfc": "3.5.13",
        "@vue/runtime-dom": "3.5.13",
        "@vue/server-renderer": "3.5.13",
        "@vue/shared": "3.5.13"
      }
    },
    "vue-demi": {
      "version": "0.14.10",
      "resolved": "http://r.npm.sankuai.com/vue-demi/download/vue-demi-0.14.10.tgz",
      "integrity": "sha1-r8eN49b54Rv3jFXoUQ7hKBRSLwQ="
    },
    "vue-router": {
      "version": "4.5.0",
      "resolved": "http://r.npm.sankuai.com/vue-router/download/vue-router-4.5.0.tgz",
      "integrity": "sha1-WPxf43ThC2AY+RAyj3VsPa4IHxQ=",
      "requires": {
        "@vue/devtools-api": "^6.6.4"
      }
    }
  }
}
